
Microsoft Visual Studio Solution File, Format Version 12.00
# Visual Studio Version 17
VisualStudioVersion = 17.5.33627.172
MinimumVisualStudioVersion = 10.0.40219.1
Project("{9A19103F-16F7-4668-BE54-9A1E7A4F7556}") = "FizzBuzzAPI", "FizzBuzzAPI.csproj", "{3D499430-F165-4C14-9838-8F266FD64269}"
EndProject
Project("{9A19103F-16F7-4668-BE54-9A1E7A4F7556}") = "FizzBuzzAPI.Test", "..\FizzBuzzAPI.Test\FizzBuzzAPI.Test.csproj", "{6F5ABD84-C751-4404-A70A-CF5784EB4B42}"
EndProject
Global
	GlobalSection(SolutionConfigurationPlatforms) = preSolution
		Debug|Any CPU = Debug|Any CPU
		Release|Any CPU = Release|Any CPU
	EndGlobalSection
	GlobalSection(ProjectConfigurationPlatforms) = postSolution
		{3D499430-F165-4C14-9838-8F266FD64269}.Debug|Any CPU.ActiveCfg = Debug|Any CPU
		{3D499430-F165-4C14-9838-8F266FD64269}.Debug|Any CPU.Build.0 = Debug|Any CPU
		{3D499430-F165-4C14-9838-8F266FD64269}.Release|Any CPU.ActiveCfg = Release|Any CPU
		{3D499430-F165-4C14-9838-8F266FD64269}.Release|Any CPU.Build.0 = Release|Any CPU
		{6F5ABD84-C751-4404-A70A-CF5784EB4B42}.Debug|Any CPU.ActiveCfg = Debug|Any CPU
		{6F5ABD84-C751-4404-A70A-CF5784EB4B42}.Debug|Any CPU.Build.0 = Debug|Any CPU
		{6F5ABD84-C751-4404-A70A-CF5784EB4B42}.Release|Any CPU.ActiveCfg = Release|Any CPU
		{6F5ABD84-C751-4404-A70A-CF5784EB4B42}.Release|Any CPU.Build.0 = Release|Any CPU
	EndGlobalSection
	GlobalSection(SolutionProperties) = preSolution
		HideSolutionNode = FALSE
	EndGlobalSection
	GlobalSection(ExtensibilityGlobals) = postSolution
		SolutionGuid = {E75961C5-72FF-4B35-A821-6FE3E11F4B84}
	EndGlobalSection
EndGlobal
